
Microsoft Visual Studio Solution File, Format Version 12.00
# Visual Studio Version 17
VisualStudioVersion = 17.9.34701.34
MinimumVisualStudioVersion = 10.0.40219.1
Project("{FAE04EC0-301F-11D3-BF4B-00C04F79EFBC}") = "lifeManagementApp", "lifeManagementApp.csproj", "{2D670864-E9A9-4B99-A015-8C36A11E746A}"
EndProject
Global
	GlobalSection(SolutionConfigurationPlatforms) = preSolution
		Debug|Any CPU = Debug|Any CPU
		Release|Any CPU = Release|Any CPU
	EndGlobalSection
	GlobalSection(ProjectConfigurationPlatforms) = postSolution
		{2D670864-E9A9-4B99-A015-8C36A11E746A}.Debug|Any CPU.ActiveCfg = Debug|Any CPU
		{2D670864-E9A9-4B99-A015-8C36A11E746A}.Debug|Any CPU.Build.0 = Debug|Any CPU
		{2D670864-E9A9-4B99-A015-8C36A11E746A}.Debug|Any CPU.Deploy.0 = Debug|Any CPU
		{2D670864-E9A9-4B99-A015-8C36A11E746A}.Release|Any CPU.ActiveCfg = Release|Any CPU
		{2D670864-E9A9-4B99-A015-8C36A11E746A}.Release|Any CPU.Build.0 = Release|Any CPU
		{2D670864-E9A9-4B99-A015-8C36A11E746A}.Release|Any CPU.Deploy.0 = Release|Any CPU
	EndGlobalSection
	GlobalSection(SolutionProperties) = preSolution
		HideSolutionNode = FALSE
	EndGlobalSection
	GlobalSection(ExtensibilityGlobals) = postSolution
		SolutionGuid = {E9DAA3E3-D3AE-4E7D-B43E-C018944C8421}
	EndGlobalSection
EndGlobal
